
Microsoft Visual Studio Solution File, Format Version 12.00
# Visual Studio Version 16
VisualStudioVersion = 16.0.31205.134
MinimumVisualStudioVersion = 10.0.40219.1
Project("{9A19103F-16F7-4668-BE54-9A1E7A4F7556}") = "Racing2021", "Racing2021\Racing2021.csproj", "{E4067E98-29F5-4ABD-A55D-CE56E45C56C3}"
EndProject
Project("{9A19103F-16F7-4668-BE54-9A1E7A4F7556}") = "Racing2021.Services", "Racing2021.Services\Racing2021.Services.csproj", "{FEA488DF-2B77-499D-8DAE-79365D9D4167}"
EndProject
Project("{9A19103F-16F7-4668-BE54-9A1E7A4F7556}") = "Racing2021.Repositories", "Racing2021.Repositories\Racing2021.Repositories.csproj", "{E4F477CA-9879-491A-9E49-7876BC53D819}"
EndProject
Project("{9A19103F-16F7-4668-BE54-9A1E7A4F7556}") = "Racing2021.RaceEngine", "Racing2021.RaceEngine\Racing2021.RaceEngine.csproj", "{83210350-6761-440E-8F9E-E06052F05955}"
EndProject
Project("{9A19103F-16F7-4668-BE54-9A1E7A4F7556}") = "Racing2021.Models", "Racing2021.Models\Racing2021.Models.csproj", "{82B68653-1A76-46CD-A559-BFF78680ED6A}"
EndProject
Global
	GlobalSection(SolutionConfigurationPlatforms) = preSolution
		Debug|Any CPU = Debug|Any CPU
		Debug|x64 = Debug|x64
		Release|Any CPU = Release|Any CPU
		Release|x64 = Release|x64
	EndGlobalSection
	GlobalSection(ProjectConfigurationPlatforms) = postSolution
		{E4067E98-29F5-4ABD-A55D-CE56E45C56C3}.Debug|Any CPU.ActiveCfg = Debug|Any CPU
		{E4067E98-29F5-4ABD-A55D-CE56E45C56C3}.Debug|Any CPU.Build.0 = Debug|Any CPU
		{E4067E98-29F5-4ABD-A55D-CE56E45C56C3}.Debug|x64.ActiveCfg = Debug|x64
		{E4067E98-29F5-4ABD-A55D-CE56E45C56C3}.Debug|x64.Build.0 = Debug|x64
		{E4067E98-29F5-4ABD-A55D-CE56E45C56C3}.Release|Any CPU.ActiveCfg = Release|Any CPU
		{E4067E98-29F5-4ABD-A55D-CE56E45C56C3}.Release|Any CPU.Build.0 = Release|Any CPU
		{E4067E98-29F5-4ABD-A55D-CE56E45C56C3}.Release|x64.ActiveCfg = Release|x64
		{E4067E98-29F5-4ABD-A55D-CE56E45C56C3}.Release|x64.Build.0 = Release|x64
		{FEA488DF-2B77-499D-8DAE-79365D9D4167}.Debug|Any CPU.ActiveCfg = Debug|Any CPU
		{FEA488DF-2B77-499D-8DAE-79365D9D4167}.Debug|Any CPU.Build.0 = Debug|Any CPU
		{FEA488DF-2B77-499D-8DAE-79365D9D4167}.Debug|x64.ActiveCfg = Debug|x64
		{FEA488DF-2B77-499D-8DAE-79365D9D4167}.Debug|x64.Build.0 = Debug|x64
		{FEA488DF-2B77-499D-8DAE-79365D9D4167}.Release|Any CPU.ActiveCfg = Release|Any CPU
		{FEA488DF-2B77-499D-8DAE-79365D9D4167}.Release|Any CPU.Build.0 = Release|Any CPU
		{FEA488DF-2B77-499D-8DAE-79365D9D4167}.Release|x64.ActiveCfg = Release|x64
		{FEA488DF-2B77-499D-8DAE-79365D9D4167}.Release|x64.Build.0 = Release|x64
		{E4F477CA-9879-491A-9E49-7876BC53D819}.Debug|Any CPU.ActiveCfg = Debug|Any CPU
		{E4F477CA-9879-491A-9E49-7876BC53D819}.Debug|Any CPU.Build.0 = Debug|Any CPU
		{E4F477CA-9879-491A-9E49-7876BC53D819}.Debug|x64.ActiveCfg = Debug|x64
		{E4F477CA-9879-491A-9E49-7876BC53D819}.Debug|x64.Build.0 = Debug|x64
		{E4F477CA-9879-491A-9E49-7876BC53D819}.Release|Any CPU.ActiveCfg = Release|Any CPU
		{E4F477CA-9879-491A-9E49-7876BC53D819}.Release|Any CPU.Build.0 = Release|Any CPU
		{E4F477CA-9879-491A-9E49-7876BC53D819}.Release|x64.ActiveCfg = Release|x64
		{E4F477CA-9879-491A-9E49-7876BC53D819}.Release|x64.Build.0 = Release|x64
		{83210350-6761-440E-8F9E-E06052F05955}.Debug|Any CPU.ActiveCfg = Debug|Any CPU
		{83210350-6761-440E-8F9E-E06052F05955}.Debug|Any CPU.Build.0 = Debug|Any CPU
		{83210350-6761-440E-8F9E-E06052F05955}.Debug|x64.ActiveCfg = Debug|x64
		{83210350-6761-440E-8F9E-E06052F05955}.Debug|x64.Build.0 = Debug|x64
		{83210350-6761-440E-8F9E-E06052F05955}.Release|Any CPU.ActiveCfg = Release|Any CPU
		{83210350-6761-440E-8F9E-E06052F05955}.Release|Any CPU.Build.0 = Release|Any CPU
		{83210350-6761-440E-8F9E-E06052F05955}.Release|x64.ActiveCfg = Release|x64
		{83210350-6761-440E-8F9E-E06052F05955}.Release|x64.Build.0 = Release|x64
		{82B68653-1A76-46CD-A559-BFF78680ED6A}.Debug|Any CPU.ActiveCfg = Debug|Any CPU
		{82B68653-1A76-46CD-A559-BFF78680ED6A}.Debug|Any CPU.Build.0 = Debug|Any CPU
		{82B68653-1A76-46CD-A559-BFF78680ED6A}.Debug|x64.ActiveCfg = Debug|x64
		{82B68653-1A76-46CD-A559-BFF78680ED6A}.Debug|x64.Build.0 = Debug|x64
		{82B68653-1A76-46CD-A559-BFF78680ED6A}.Release|Any CPU.ActiveCfg = Release|Any CPU
		{82B68653-1A76-46CD-A559-BFF78680ED6A}.Release|Any CPU.Build.0 = Release|Any CPU
		{82B68653-1A76-46CD-A559-BFF78680ED6A}.Release|x64.ActiveCfg = Release|x64
		{82B68653-1A76-46CD-A559-BFF78680ED6A}.Release|x64.Build.0 = Release|x64
	EndGlobalSection
	GlobalSection(SolutionProperties) = preSolution
		HideSolutionNode = FALSE
	EndGlobalSection
	GlobalSection(ExtensibilityGlobals) = postSolution
		SolutionGuid = {0AD7FFAB-58BB-4D26-95C6-F2B75AD41226}
	EndGlobalSection
EndGlobal
